
Microsoft Visual Studio Solution File, Format Version 12.00
# Visual Studio Version 17
VisualStudioVersion = 17.5.002.0
MinimumVisualStudioVersion = 10.0.40219.1
Project("{2150E333-8FDC-42A3-9474-1A3956D46DE8}") = "API", "API", "{116B17B5-0759-46AF-AD3B-C9640220153A}"
EndProject
Project("{9A19103F-16F7-4668-BE54-9A1E7A4F7556}") = "TokaApi", "API\TokaApi\TokaApi.csproj", "{E9D486F6-9FA8-40E0-AE66-23E95AD1C57B}"
EndProject
Global
	GlobalSection(SolutionConfigurationPlatforms) = preSolution
		Debug|Any CPU = Debug|Any CPU
		Release|Any CPU = Release|Any CPU
	EndGlobalSection
	GlobalSection(ProjectConfigurationPlatforms) = postSolution
		{E9D486F6-9FA8-40E0-AE66-23E95AD1C57B}.Debug|Any CPU.ActiveCfg = Debug|Any CPU
		{E9D486F6-9FA8-40E0-AE66-23E95AD1C57B}.Debug|Any CPU.Build.0 = Debug|Any CPU
		{E9D486F6-9FA8-40E0-AE66-23E95AD1C57B}.Release|Any CPU.ActiveCfg = Release|Any CPU
		{E9D486F6-9FA8-40E0-AE66-23E95AD1C57B}.Release|Any CPU.Build.0 = Release|Any CPU
	EndGlobalSection
	GlobalSection(SolutionProperties) = preSolution
		HideSolutionNode = FALSE
	EndGlobalSection
	GlobalSection(NestedProjects) = preSolution
		{E9D486F6-9FA8-40E0-AE66-23E95AD1C57B} = {116B17B5-0759-46AF-AD3B-C9640220153A}
	EndGlobalSection
	GlobalSection(ExtensibilityGlobals) = postSolution
		SolutionGuid = {37DF3015-8011-4B64-8280-E0FA21549BB3}
	EndGlobalSection
EndGlobal
